
Microsoft Visual Studio Solution File, Format Version 12.00
# Visual Studio Version 16
VisualStudioVersion = 16.0.30011.22
MinimumVisualStudioVersion = 10.0.40219.1
Project("{FAE04EC0-301F-11D3-BF4B-00C04F79EFBC}") = "StudentAPI", "StudentAPI\StudentAPI.csproj", "{C84EB7C2-CE00-4386-8D0D-1785C3722970}"
EndProject
Global
	GlobalSection(SolutionConfigurationPlatforms) = preSolution
		Debug|Any CPU = Debug|Any CPU
		Release|Any CPU = Release|Any CPU
	EndGlobalSection
	GlobalSection(ProjectConfigurationPlatforms) = postSolution
		{C84EB7C2-CE00-4386-8D0D-1785C3722970}.Debug|Any CPU.ActiveCfg = Debug|Any CPU
		{C84EB7C2-CE00-4386-8D0D-1785C3722970}.Debug|Any CPU.Build.0 = Debug|Any CPU
		{C84EB7C2-CE00-4386-8D0D-1785C3722970}.Release|Any CPU.ActiveCfg = Release|Any CPU
		{C84EB7C2-CE00-4386-8D0D-1785C3722970}.Release|Any CPU.Build.0 = Release|Any CPU
	EndGlobalSection
	GlobalSection(SolutionProperties) = preSolution
		HideSolutionNode = FALSE
	EndGlobalSection
	GlobalSection(ExtensibilityGlobals) = postSolution
		SolutionGuid = {0365B6DD-0A08-424F-AA23-27CC2C8F041B}
	EndGlobalSection
EndGlobal
